// !$*UTF8*$!
{
	archiveVersion = 1;
	classes = {
	};
	objectVersion = 50;
	objects = {

/* Begin PBXBuildFile section */
		1F2967AC2429F75E00B6FD65 /* AppDelegate.swift in Sources */ = {isa = PBXBuildFile; fileRef = 1F2967AB2429F75E00B6FD65 /* AppDelegate.swift */; };
		1F2967AE2429F75E00B6FD65 /* SceneDelegate.swift in Sources */ = {isa = PBXBuildFile; fileRef = 1F2967AD2429F75E00B6FD65 /* SceneDelegate.swift */; };
		1F2967B02429F75E00B6FD65 /* ContentView.swift in Sources */ = {isa = PBXBuildFile; fileRef = 1F2967AF2429F75E00B6FD65 /* ContentView.swift */; };
		1F2967B22429F76300B6FD65 /* Assets.xcassets in Resources */ = {isa = PBXBuildFile; fileRef = 1F2967B12429F76300B6FD65 /* Assets.xcassets */; };
		1F2967B52429F76300B6FD65 /* Preview Assets.xcassets in Resources */ = {isa = PBXBuildFile; fileRef = 1F2967B42429F76300B6FD65 /* Preview Assets.xcassets */; };
		1F2967B82429F76300B6FD65 /* LaunchScreen.storyboard in Resources */ = {isa = PBXBuildFile; fileRef = 1F2967B62429F76300B6FD65 /* LaunchScreen.storyboard */; };
		1F2967C6242A3AB700B6FD65 /* RobotoMono-Regular.ttf in Resources */ = {isa = PBXBuildFile; fileRef = 1F2967C5242A3AB700B6FD65 /* RobotoMono-Regular.ttf */; };
		1F2967C8242A582A00B6FD65 /* CurrencyData.swift in Sources */ = {isa = PBXBuildFile; fileRef = 1F2967C7242A582A00B6FD65 /* CurrencyData.swift */; };
		1F2967CA242B478900B6FD65 /* NetworkManager.swift in Sources */ = {isa = PBXBuildFile; fileRef = 1F2967C9242B478900B6FD65 /* NetworkManager.swift */; };
/* End PBXBuildFile section */

/* Begin PBXFileReference section */
		1F2967A82429F75E00B6FD65 /* Currency Converter.app */ = {isa = PBXFileReference; explicitFileType = wrapper.application; includeInIndex = 0; path = "Currency Converter.app"; sourceTree = BUILT_PRODUCTS_DIR; };
		1F2967AB2429F75E00B6FD65 /* AppDelegate.swift */ = {isa = PBXFileReference; lastKnownFileType = sourcecode.swift; path = AppDelegate.swift; sourceTree = "<group>"; };
		1F2967AD2429F75E00B6FD65 /* SceneDelegate.swift */ = {isa = PBXFileReference; lastKnownFileType = sourcecode.swift; path = SceneDelegate.swift; sourceTree = "<group>"; };
		1F2967AF2429F75E00B6FD65 /* ContentView.swift */ = {isa = PBXFileReference; lastKnownFileType = sourcecode.swift; path = ContentView.swift; sourceTree = "<group>"; };
		1F2967B12429F76300B6FD65 /* Assets.xcassets */ = {isa = PBXFileReference; lastKnownFileType = folder.assetcatalog; path = Assets.xcassets; sourceTree = "<group>"; };
		1F2967B42429F76300B6FD65 /* Preview Assets.xcassets */ = {isa = PBXFileReference; lastKnownFileType = folder.assetcatalog; path = "Preview Assets.xcassets"; sourceTree = "<group>"; };
		1F2967B72429F76300B6FD65 /* Base */ = {isa = PBXFileReference; lastKnownFileType = file.storyboard; name = Base; path = Base.lproj/LaunchScreen.storyboard; sourceTree = "<group>"; };
		1F2967B92429F76300B6FD65 /* Info.plist */ = {isa = PBXFileReference; lastKnownFileType = text.plist.xml; path = Info.plist; sourceTree = "<group>"; };
		1F2967C5242A3AB700B6FD65 /* RobotoMono-Regular.ttf */ = {isa = PBXFileReference; lastKnownFileType = file; path = "RobotoMono-Regular.ttf"; sourceTree = "<group>"; };
		1F2967C7242A582A00B6FD65 /* CurrencyData.swift */ = {isa = PBXFileReference; lastKnownFileType = sourcecode.swift; path = CurrencyData.swift; sourceTree = "<group>"; };
		1F2967C9242B478900B6FD65 /* NetworkManager.swift */ = {isa = PBXFileReference; lastKnownFileType = sourcecode.swift; path = NetworkManager.swift; sourceTree = "<group>"; };
/* End PBXFileReference section */

/* Begin PBXFrameworksBuildPhase section */
		1F2967A52429F75E00B6FD65 /* Frameworks */ = {
			isa = PBXFrameworksBuildPhase;
			buildActionMask = 2147483647;
			files = (
			);
			runOnlyForDeploymentPostprocessing = 0;
		};
/* End PBXFrameworksBuildPhase section */

/* Begin PBXGroup section */
		1F29679F2429F75E00B6FD65 = {
			isa = PBXGroup;
			children = (
				1F2967AA2429F75E00B6FD65 /* Currency Converter */,
				1F2967A92429F75E00B6FD65 /* Products */,
			);
			sourceTree = "<group>";
		};
		1F2967A92429F75E00B6FD65 /* Products */ = {
			isa = PBXGroup;
			children = (
				1F2967A82429F75E00B6FD65 /* Currency Converter.app */,
			);
			name = Products;
			sourceTree = "<group>";
		};
		1F2967AA2429F75E00B6FD65 /* Currency Converter */ = {
			isa = PBXGroup;
			children = (
				1F2967C4242A3A6500B6FD65 /* Fonts */,
				1F2967AB2429F75E00B6FD65 /* AppDelegate.swift */,
				1F2967AD2429F75E00B6FD65 /* SceneDelegate.swift */,
				1F2967C02429F77D00B6FD65 /* Model */,
				1F2967C12429F79D00B6FD65 /* Network Manager */,
				1F2967BF2429F77000B6FD65 /* Views */,
				1F2967B12429F76300B6FD65 /* Assets.xcassets */,
				1F2967B62429F76300B6FD65 /* LaunchScreen.storyboard */,
				1F2967B92429F76300B6FD65 /* Info.plist */,
				1F2967B32429F76300B6FD65 /* Preview Content */,
			);
			path = "Currency Converter";
			sourceTree = "<group>";
		};
		1F2967B32429F76300B6FD65 /* Preview Content */ = {
			isa = PBXGroup;
			children = (
				1F2967B42429F76300B6FD65 /* Preview Assets.xcassets */,
			);
			path = "Preview Content";
			sourceTree = "<group>";
		};
		1F2967BF2429F77000B6FD65 /* Views */ = {
			isa = PBXGroup;
			children = (
				1F2967AF2429F75E00B6FD65 /* ContentView.swift */,
			);
			path = Views;
			sourceTree = "<group>";
		};
		1F2967C02429F77D00B6FD65 /* Model */ = {
			isa = PBXGroup;
			children = (
				1F2967C7242A582A00B6FD65 /* CurrencyData.swift */,
			);
			path = Model;
			sourceTree = "<group>";
		};
		1F2967C12429F79D00B6FD65 /* Network Manager */ = {
			isa = PBXGroup;
			children = (
				1F2967C9242B478900B6FD65 /* NetworkManager.swift */,
			);
			name = "Network Manager";
			sourceTree = "<group>";
		};
		1F2967C4242A3A6500B6FD65 /* Fonts */ = {
			isa = PBXGroup;
			children = (
				1F2967C5242A3AB700B6FD65 /* RobotoMono-Regular.ttf */,
			);
			name = Fonts;
			sourceTree = "<group>";
		};
/* End PBXGroup section */

/* Begin PBXNativeTarget section */
		1F2967A72429F75E00B6FD65 /* Currency Converter */ = {
			isa = PBXNativeTarget;
			buildConfigurationList = 1F2967BC2429F76300B6FD65 /* Build configuration list for PBXNativeTarget "Currency Converter" */;
			buildPhases = (
				1F2967A42429F75E00B6FD65 /* Sources */,
				1F2967A52429F75E00B6FD65 /* Frameworks */,
				1F2967A62429F75E00B6FD65 /* Resources */,
			);
			buildRules = (
			);
			dependencies = (
			);
			name = "Currency Converter";
			productName = "Currency Converter";
			productReference = 1F2967A82429F75E00B6FD65 /* Currency Converter.app */;
			productType = "com.apple.product-type.application";
		};
/* End PBXNativeTarget section */

/* Begin PBXProject section */
		1F2967A02429F75E00B6FD65 /* Project object */ = {
			isa = PBXProject;
			attributes = {
				LastSwiftUpdateCheck = 1130;
				LastUpgradeCheck = 1130;
				ORGANIZATIONNAME = "Ashish Kumar";
				TargetAttributes = {
					1F2967A72429F75E00B6FD65 = {
						CreatedOnToolsVersion = 11.3.1;
					};
				};
			};
			buildConfigurationList = 1F2967A32429F75E00B6FD65 /* Build configuration list for PBXProject "Currency Converter" */;
			compatibilityVersion = "Xcode 9.3";
			developmentRegion = en;
			hasScannedForEncodings = 0;
			knownRegions = (
				en,
				Base,
			);
			mainGroup = 1F29679F2429F75E00B6FD65;
			productRefGroup = 1F2967A92429F75E00B6FD65 /* Products */;
			projectDirPath = "";
			projectRoot = "";
			targets = (
				1F2967A72429F75E00B6FD65 /* Currency Converter */,
			);
		};
/* End PBXProject section */

/* Begin PBXResourcesBuildPhase section */
		1F2967A62429F75E00B6FD65 /* Resources */ = {
			isa = PBXResourcesBuildPhase;
			buildActionMask = 2147483647;
			files = (
				1F2967B82429F76300B6FD65 /* LaunchScreen.storyboard in Resources */,
				1F2967B52429F76300B6FD65 /* Preview Assets.xcassets in Resources */,
				1F2967B22429F76300B6FD65 /* Assets.xcassets in Resources */,
				1F2967C6242A3AB700B6FD65 /* RobotoMono-Regular.ttf in Resources */,
			);
			runOnlyForDeploymentPostprocessing = 0;
		};
/* End PBXResourcesBuildPhase section */

/* Begin PBXSourcesBuildPhase section */
		1F2967A42429F75E00B6FD65 /* Sources */ = {
			isa = PBXSourcesBuildPhase;
			buildActionMask = 2147483647;
			files = (
				1F2967CA242B478900B6FD65 /* NetworkManager.swift in Sources */,
				1F2967AC2429F75E00B6FD65 /* AppDelegate.swift in Sources */,
				1F2967AE2429F75E00B6FD65 /* SceneDelegate.swift in Sources */,
				1F2967C8242A582A00B6FD65 /* CurrencyData.swift in Sources */,
				1F2967B02429F75E00B6FD65 /* ContentView.swift in Sources */,
			);
			runOnlyForDeploymentPostprocessing = 0;
		};
/* End PBXSourcesBuildPhase section */

/* Begin PBXVariantGroup section */
		1F2967B62429F76300B6FD65 /* LaunchScreen.storyboard */ = {
			isa = PBXVariantGroup;
			children = (
				1F2967B72429F76300B6FD65 /* Base */,
			);
			name = LaunchScreen.storyboard;
			sourceTree = "<group>";
		};
/* End PBXVariantGroup section */

/* Begin XCBuildConfiguration section */
		1F2967BA2429F76300B6FD65 /* Debug */ = {
			isa = XCBuildConfiguration;
			buildSettings = {
				ALWAYS_SEARCH_USER_PATHS = NO;
				CLANG_ANALYZER_NONNULL = YES;
				CLANG_ANALYZER_NUMBER_OBJECT_CONVERSION = YES_AGGRESSIVE;
				CLANG_CXX_LANGUAGE_STANDARD = "gnu++14";
				CLANG_CXX_LIBRARY = "libc++";
				CLANG_ENABLE_MODULES = YES;
				CLANG_ENABLE_OBJC_ARC = YES;
				CLANG_ENABLE_OBJC_WEAK = YES;
				CLANG_WARN_BLOCK_CAPTURE_AUTORELEASING = YES;
				CLANG_WARN_BOOL_CONVERSION = YES;
				CLANG_WARN_COMMA = YES;
				CLANG_WARN_CONSTANT_CONVERSION = YES;
				CLANG_WARN_DEPRECATED_OBJC_IMPLEMENTATIONS = YES;
				CLANG_WARN_DIRECT_OBJC_ISA_USAGE = YES_ERROR;
				CLANG_WARN_DOCUMENTATION_COMMENTS = YES;
				CLANG_WARN_EMPTY_BODY = YES;
				CLANG_WARN_ENUM_CONVERSION = YES;
				CLANG_WARN_INFINITE_RECURSION = YES;
				CLANG_WARN_INT_CONVERSION = YES;
				CLANG_WARN_NON_LITERAL_NULL_CONVERSION = YES;
				CLANG_WARN_OBJC_IMPLICIT_RETAIN_SELF = YES;
				CLANG_WARN_OBJC_LITERAL_CONVERSION = YES;
				CLANG_WARN_OBJC_ROOT_CLASS = YES_ERROR;
				CLANG_WARN_RANGE_LOOP_ANALYSIS = YES;
				CLANG_WARN_STRICT_PROTOTYPES = YES;
				CLANG_WARN_SUSPICIOUS_MOVE = YES;
				CLANG_WARN_UNGUARDED_AVAILABILITY = YES_AGGRESSIVE;
				CLANG_WARN_UNREACHABLE_CODE = YES;
				CLANG_WARN__DUPLICATE_METHOD_MATCH = YES;
				COPY_PHASE_STRIP = NO;
				DEBUG_INFORMATION_FORMAT = dwarf;
				ENABLE_STRICT_OBJC_MSGSEND = YES;
				ENABLE_TESTABILITY = YES;
				GCC_C_LANGUAGE_STANDARD = gnu11;
				GCC_DYNAMIC_NO_PIC = NO;
				GCC_NO_COMMON_BLOCKS = YES;
				GCC_OPTIMIZATION_LEVEL = 0;
				GCC_PREPROCESSOR_DEFINITIONS = (
					"DEBUG=1",
					"$(inherited)",
				);
				GCC_WARN_64_TO_32_BIT_CONVERSION = YES;
				GCC_WARN_ABOUT_RETURN_TYPE = YES_ERROR;
				GCC_WARN_UNDECLARED_SELECTOR = YES;
				GCC_WARN_UNINITIALIZED_AUTOS = YES_AGGRESSIVE;
				GCC_WARN_UNUSED_FUNCTION = YES;
				GCC_WARN_UNUSED_VARIABLE = YES;
				IPHONEOS_DEPLOYMENT_TARGET = 13.2;
				MTL_ENABLE_DEBUG_INFO = INCLUDE_SOURCE;
				MTL_FAST_MATH = YES;
				ONLY_ACTIVE_ARCH = YES;
				SDKROOT = iphoneos;
				SWIFT_ACTIVE_COMPILATION_CONDITIONS = DEBUG;
				SWIFT_OPTIMIZATION_LEVEL = "-Onone";
			};
			name = Debug;
		};
		1F2967BB2429F76300B6FD65 /* Release */ = {
			isa = XCBuildConfiguration;
			buildSettings = {
				ALWAYS_SEARCH_USER_PATHS = NO;
				CLANG_ANALYZER_NONNULL = YES;
				CLANG_ANALYZER_NUMBER_OBJECT_CONVERSION = YES_AGGRESSIVE;
				CLANG_CXX_LANGUAGE_STANDARD = "gnu++14";
				CLANG_CXX_LIBRARY = "libc++";
				CLANG_ENABLE_MODULES = YES;
				CLANG_ENABLE_OBJC_ARC = YES;
				CLANG_ENABLE_OBJC_WEAK = YES;
				CLANG_WARN_BLOCK_CAPTURE_AUTORELEASING = YES;
				CLANG_WARN_BOOL_CONVERSION = YES;
				CLANG_WARN_COMMA = YES;
				CLANG_WARN_CONSTANT_CONVERSION = YES;
				CLANG_WARN_DEPRECATED_OBJC_IMPLEMENTATIONS = YES;
				CLANG_WARN_DIRECT_OBJC_ISA_USAGE = YES_ERROR;
				CLANG_WARN_DOCUMENTATION_COMMENTS = YES;
				CLANG_WARN_EMPTY_BODY = YES;
				CLANG_WARN_ENUM_CONVERSION = YES;
				CLANG_WARN_INFINITE_RECURSION = YES;
				CLANG_WARN_INT_CONVERSION = YES;
				CLANG_WARN_NON_LITERAL_NULL_CONVERSION = YES;
				CLANG_WARN_OBJC_IMPLICIT_RETAIN_SELF = YES;
				CLANG_WARN_OBJC_LITERAL_CONVERSION = YES;
				CLANG_WARN_OBJC_ROOT_CLASS = YES_ERROR;
				CLANG_WARN_RANGE_LOOP_ANALYSIS = YES;
				CLANG_WARN_STRICT_PROTOTYPES = YES;
				CLANG_WARN_SUSPICIOUS_MOVE = YES;
				CLANG_WARN_UNGUARDED_AVAILABILITY = YES_AGGRESSIVE;
				CLANG_WARN_UNREACHABLE_CODE = YES;
				CLANG_WARN__DUPLICATE_METHOD_MATCH = YES;
				COPY_PHASE_STRIP = NO;
				DEBUG_INFORMATION_FORMAT = "dwarf-with-dsym";
				ENABLE_NS_ASSERTIONS = NO;
				ENABLE_STRICT_OBJC_MSGSEND = YES;
				GCC_C_LANGUAGE_STANDARD = gnu11;
				GCC_NO_COMMON_BLOCKS = YES;
				GCC_WARN_64_TO_32_BIT_CONVERSION = YES;
				GCC_WARN_ABOUT_RETURN_TYPE = YES_ERROR;
				GCC_WARN_UNDECLARED_SELECTOR = YES;
				GCC_WARN_UNINITIALIZED_AUTOS = YES_AGGRESSIVE;
				GCC_WARN_UNUSED_FUNCTION = YES;
				GCC_WARN_UNUSED_VARIABLE = YES;
				IPHONEOS_DEPLOYMENT_TARGET = 13.2;
				MTL_ENABLE_DEBUG_INFO = NO;
				MTL_FAST_MATH = YES;
				SDKROOT = iphoneos;
				SWIFT_COMPILATION_MODE = wholemodule;
				SWIFT_OPTIMIZATION_LEVEL = "-O";
				VALIDATE_PRODUCT = YES;
			};
			name = Release;
		};
		1F2967BD2429F76300B6FD65 /* Debug */ = {
			isa = XCBuildConfiguration;
			buildSettings = {
				ASSETCATALOG_COMPILER_APPICON_NAME = AppIcon;
				CODE_SIGN_STYLE = Automatic;
				DEVELOPMENT_ASSET_PATHS = "\"Currency Converter/Preview Content\"";
				DEVELOPMENT_TEAM = 9ZFQ2Z9549;
				ENABLE_PREVIEWS = YES;
				INFOPLIST_FILE = "Currency Converter/Info.plist";
				LD_RUNPATH_SEARCH_PATHS = (
					"$(inherited)",
					"@executable_path/Frameworks",
				);
				PRODUCT_BUNDLE_IDENTIFIER = "com.AshishK1312.Currency-Converter";
				PRODUCT_NAME = "$(TARGET_NAME)";
				SWIFT_VERSION = 5.0;
				TARGETED_DEVICE_FAMILY = "1,2";
			};
			name = Debug;
		};
		1F2967BE2429F76300B6FD65 /* Release */ = {
			isa = XCBuildConfiguration;
			buildSettings = {
				ASSETCATALOG_COMPILER_APPICON_NAME = AppIcon;
				CODE_SIGN_STYLE = Automatic;
				DEVELOPMENT_ASSET_PATHS = "\"Currency Converter/Preview Content\"";
				DEVELOPMENT_TEAM = 9ZFQ2Z9549;
				ENABLE_PREVIEWS = YES;
				INFOPLIST_FILE = "Currency Converter/Info.plist";
				LD_RUNPATH_SEARCH_PATHS = (
					"$(inherited)",
					"@executable_path/Frameworks",
				);
				PRODUCT_BUNDLE_IDENTIFIER = "com.AshishK1312.Currency-Converter";
				PRODUCT_NAME = "$(TARGET_NAME)";
				SWIFT_VERSION = 5.0;
				TARGETED_DEVICE_FAMILY = "1,2";
			};
			name = Release;
		};
/* End XCBuildConfiguration section */

/* Begin XCConfigurationList section */
		1F2967A32429F75E00B6FD65 /* Build configuration list for PBXProject "Currency Converter" */ = {
			isa = XCConfigurationList;
			buildConfigurations = (
				1F2967BA2429F76300B6FD65 /* Debug */,
				1F2967BB2429F76300B6FD65 /* Release */,
			);
			defaultConfigurationIsVisible = 0;
			defaultConfigurationName = Release;
		};
		1F2967BC2429F76300B6FD65 /* Build configuration list for PBXNativeTarget "Currency Converter" */ = {
			isa = XCConfigurationList;
			buildConfigurations = (
				1F2967BD2429F76300B6FD65 /* Debug */,
				1F2967BE2429F76300B6FD65 /* Release */,
			);
			defaultConfigurationIsVisible = 0;
			defaultConfigurationName = Release;
		};
/* End XCConfigurationList section */
	};
	rootObject = 1F2967A02429F75E00B6FD65 /* Project object */;
}
